
Microsoft Visual Studio Solution File, Format Version 12.00
# Visual Studio Version 16
VisualStudioVersion = 16.0.31229.75
MinimumVisualStudioVersion = 10.0.40219.1
Project("{8BC9CEB8-8B4A-11D0-8D11-00A0C91BC942}") = "SuperDLL", "SuperDLL.vcxproj", "{47B1F9A0-0B04-48BD-BC88-E6D508294FAF}"
EndProject
Global
	GlobalSection(SolutionConfigurationPlatforms) = preSolution
		Debug|x64 = Debug|x64
		Debug|x86 = Debug|x86
		Release|x64 = Release|x64
		Release|x86 = Release|x86
	EndGlobalSection
	GlobalSection(ProjectConfigurationPlatforms) = postSolution
		{47B1F9A0-0B04-48BD-BC88-E6D508294FAF}.Debug|x64.ActiveCfg = Debug|x64
		{47B1F9A0-0B04-48BD-BC88-E6D508294FAF}.Debug|x64.Build.0 = Debug|x64
		{47B1F9A0-0B04-48BD-BC88-E6D508294FAF}.Debug|x86.ActiveCfg = Debug|Win32
		{47B1F9A0-0B04-48BD-BC88-E6D508294FAF}.Debug|x86.Build.0 = Debug|Win32
		{47B1F9A0-0B04-48BD-BC88-E6D508294FAF}.Release|x64.ActiveCfg = Release|x64
		{47B1F9A0-0B04-48BD-BC88-E6D508294FAF}.Release|x64.Build.0 = Release|x64
		{47B1F9A0-0B04-48BD-BC88-E6D508294FAF}.Release|x86.ActiveCfg = Release|Win32
		{47B1F9A0-0B04-48BD-BC88-E6D508294FAF}.Release|x86.Build.0 = Release|Win32
	EndGlobalSection
	GlobalSection(SolutionProperties) = preSolution
		HideSolutionNode = FALSE
	EndGlobalSection
	GlobalSection(ExtensibilityGlobals) = postSolution
		SolutionGuid = {AC3E78D8-BF01-4370-9307-E72F20A0AF61}
	EndGlobalSection
EndGlobal
